// !$*UTF8*$!
{
	archiveVersion = 1;
	classes = {
	};
	objectVersion = 55;
	objects = {

/* Begin PBXBuildFile section */
		39EE594728D53356001A0C56 /* AppDelegate.swift in Sources */ = {isa = PBXBuildFile; fileRef = 39EE594628D53356001A0C56 /* AppDelegate.swift */; };
		39EE594928D53356001A0C56 /* SceneDelegate.swift in Sources */ = {isa = PBXBuildFile; fileRef = 39EE594828D53356001A0C56 /* SceneDelegate.swift */; };
		39EE594B28D53356001A0C56 /* ViewController.swift in Sources */ = {isa = PBXBuildFile; fileRef = 39EE594A28D53356001A0C56 /* ViewController.swift */; };
		39EE594E28D53356001A0C56 /* Main.storyboard in Resources */ = {isa = PBXBuildFile; fileRef = 39EE594C28D53356001A0C56 /* Main.storyboard */; };
		39EE595128D53356001A0C56 /* ProductsChallengeJuanFanjul.xcdatamodeld in Sources */ = {isa = PBXBuildFile; fileRef = 39EE594F28D53356001A0C56 /* ProductsChallengeJuanFanjul.xcdatamodeld */; };
		39EE595328D53359001A0C56 /* Assets.xcassets in Resources */ = {isa = PBXBuildFile; fileRef = 39EE595228D53359001A0C56 /* Assets.xcassets */; };
		39EE595628D53359001A0C56 /* LaunchScreen.storyboard in Resources */ = {isa = PBXBuildFile; fileRef = 39EE595428D53359001A0C56 /* LaunchScreen.storyboard */; };
		39EE596128D53359001A0C56 /* ProductsChallengeJuanFanjulTests.swift in Sources */ = {isa = PBXBuildFile; fileRef = 39EE596028D53359001A0C56 /* ProductsChallengeJuanFanjulTests.swift */; };
		39EE596B28D53359001A0C56 /* ProductsChallengeJuanFanjulUITests.swift in Sources */ = {isa = PBXBuildFile; fileRef = 39EE596A28D53359001A0C56 /* ProductsChallengeJuanFanjulUITests.swift */; };
		39EE596D28D53359001A0C56 /* ProductsChallengeJuanFanjulUITestsLaunchTests.swift in Sources */ = {isa = PBXBuildFile; fileRef = 39EE596C28D53359001A0C56 /* ProductsChallengeJuanFanjulUITestsLaunchTests.swift */; };
/* End PBXBuildFile section */

/* Begin PBXContainerItemProxy section */
		39EE595D28D53359001A0C56 /* PBXContainerItemProxy */ = {
			isa = PBXContainerItemProxy;
			containerPortal = 39EE593B28D53356001A0C56 /* Project object */;
			proxyType = 1;
			remoteGlobalIDString = 39EE594228D53356001A0C56;
			remoteInfo = ProductsChallengeJuanFanjul;
		};
		39EE596728D53359001A0C56 /* PBXContainerItemProxy */ = {
			isa = PBXContainerItemProxy;
			containerPortal = 39EE593B28D53356001A0C56 /* Project object */;
			proxyType = 1;
			remoteGlobalIDString = 39EE594228D53356001A0C56;
			remoteInfo = ProductsChallengeJuanFanjul;
		};
/* End PBXContainerItemProxy section */

/* Begin PBXFileReference section */
		39EE594328D53356001A0C56 /* ProductsChallengeJuanFanjul.app */ = {isa = PBXFileReference; explicitFileType = wrapper.application; includeInIndex = 0; path = ProductsChallengeJuanFanjul.app; sourceTree = BUILT_PRODUCTS_DIR; };
		39EE594628D53356001A0C56 /* AppDelegate.swift */ = {isa = PBXFileReference; lastKnownFileType = sourcecode.swift; path = AppDelegate.swift; sourceTree = "<group>"; };
		39EE594828D53356001A0C56 /* SceneDelegate.swift */ = {isa = PBXFileReference; lastKnownFileType = sourcecode.swift; path = SceneDelegate.swift; sourceTree = "<group>"; };
		39EE594A28D53356001A0C56 /* ViewController.swift */ = {isa = PBXFileReference; lastKnownFileType = sourcecode.swift; path = ViewController.swift; sourceTree = "<group>"; };
		39EE594D28D53356001A0C56 /* Base */ = {isa = PBXFileReference; lastKnownFileType = file.storyboard; name = Base; path = Base.lproj/Main.storyboard; sourceTree = "<group>"; };
		39EE595028D53356001A0C56 /* ProductsChallengeJuanFanjul.xcdatamodel */ = {isa = PBXFileReference; lastKnownFileType = wrapper.xcdatamodel; path = ProductsChallengeJuanFanjul.xcdatamodel; sourceTree = "<group>"; };
		39EE595228D53359001A0C56 /* Assets.xcassets */ = {isa = PBXFileReference; lastKnownFileType = folder.assetcatalog; path = Assets.xcassets; sourceTree = "<group>"; };
		39EE595528D53359001A0C56 /* Base */ = {isa = PBXFileReference; lastKnownFileType = file.storyboard; name = Base; path = Base.lproj/LaunchScreen.storyboard; sourceTree = "<group>"; };
		39EE595728D53359001A0C56 /* Info.plist */ = {isa = PBXFileReference; lastKnownFileType = text.plist.xml; path = Info.plist; sourceTree = "<group>"; };
		39EE595C28D53359001A0C56 /* ProductsChallengeJuanFanjulTests.xctest */ = {isa = PBXFileReference; explicitFileType = wrapper.cfbundle; includeInIndex = 0; path = ProductsChallengeJuanFanjulTests.xctest; sourceTree = BUILT_PRODUCTS_DIR; };
		39EE596028D53359001A0C56 /* ProductsChallengeJuanFanjulTests.swift */ = {isa = PBXFileReference; lastKnownFileType = sourcecode.swift; path = ProductsChallengeJuanFanjulTests.swift; sourceTree = "<group>"; };
		39EE596628D53359001A0C56 /* ProductsChallengeJuanFanjulUITests.xctest */ = {isa = PBXFileReference; explicitFileType = wrapper.cfbundle; includeInIndex = 0; path = ProductsChallengeJuanFanjulUITests.xctest; sourceTree = BUILT_PRODUCTS_DIR; };
		39EE596A28D53359001A0C56 /* ProductsChallengeJuanFanjulUITests.swift */ = {isa = PBXFileReference; lastKnownFileType = sourcecode.swift; path = ProductsChallengeJuanFanjulUITests.swift; sourceTree = "<group>"; };
		39EE596C28D53359001A0C56 /* ProductsChallengeJuanFanjulUITestsLaunchTests.swift */ = {isa = PBXFileReference; lastKnownFileType = sourcecode.swift; path = ProductsChallengeJuanFanjulUITestsLaunchTests.swift; sourceTree = "<group>"; };
/* End PBXFileReference section */

/* Begin PBXFrameworksBuildPhase section */
		39EE594028D53356001A0C56 /* Frameworks */ = {
			isa = PBXFrameworksBuildPhase;
			buildActionMask = 2147483647;
			files = (
			);
			runOnlyForDeploymentPostprocessing = 0;
		};
		39EE595928D53359001A0C56 /* Frameworks */ = {
			isa = PBXFrameworksBuildPhase;
			buildActionMask = 2147483647;
			files = (
			);
			runOnlyForDeploymentPostprocessing = 0;
		};
		39EE596328D53359001A0C56 /* Frameworks */ = {
			isa = PBXFrameworksBuildPhase;
			buildActionMask = 2147483647;
			files = (
			);
			runOnlyForDeploymentPostprocessing = 0;
		};
/* End PBXFrameworksBuildPhase section */

/* Begin PBXGroup section */
		39EE593A28D53356001A0C56 = {
			isa = PBXGroup;
			children = (
				39EE594528D53356001A0C56 /* ProductsChallengeJuanFanjul */,
				39EE595F28D53359001A0C56 /* ProductsChallengeJuanFanjulTests */,
				39EE596928D53359001A0C56 /* ProductsChallengeJuanFanjulUITests */,
				39EE594428D53356001A0C56 /* Products */,
			);
			sourceTree = "<group>";
		};
		39EE594428D53356001A0C56 /* Products */ = {
			isa = PBXGroup;
			children = (
				39EE594328D53356001A0C56 /* ProductsChallengeJuanFanjul.app */,
				39EE595C28D53359001A0C56 /* ProductsChallengeJuanFanjulTests.xctest */,
				39EE596628D53359001A0C56 /* ProductsChallengeJuanFanjulUITests.xctest */,
			);
			name = Products;
			sourceTree = "<group>";
		};
		39EE594528D53356001A0C56 /* ProductsChallengeJuanFanjul */ = {
			isa = PBXGroup;
			children = (
				39EE594628D53356001A0C56 /* AppDelegate.swift */,
				39EE594828D53356001A0C56 /* SceneDelegate.swift */,
				39EE594A28D53356001A0C56 /* ViewController.swift */,
				39EE594C28D53356001A0C56 /* Main.storyboard */,
				39EE595228D53359001A0C56 /* Assets.xcassets */,
				39EE595428D53359001A0C56 /* LaunchScreen.storyboard */,
				39EE595728D53359001A0C56 /* Info.plist */,
				39EE594F28D53356001A0C56 /* ProductsChallengeJuanFanjul.xcdatamodeld */,
			);
			path = ProductsChallengeJuanFanjul;
			sourceTree = "<group>";
		};
		39EE595F28D53359001A0C56 /* ProductsChallengeJuanFanjulTests */ = {
			isa = PBXGroup;
			children = (
				39EE596028D53359001A0C56 /* ProductsChallengeJuanFanjulTests.swift */,
			);
			path = ProductsChallengeJuanFanjulTests;
			sourceTree = "<group>";
		};
		39EE596928D53359001A0C56 /* ProductsChallengeJuanFanjulUITests */ = {
			isa = PBXGroup;
			children = (
				39EE596A28D53359001A0C56 /* ProductsChallengeJuanFanjulUITests.swift */,
				39EE596C28D53359001A0C56 /* ProductsChallengeJuanFanjulUITestsLaunchTests.swift */,
			);
			path = ProductsChallengeJuanFanjulUITests;
			sourceTree = "<group>";
		};
/* End PBXGroup section */

/* Begin PBXNativeTarget section */
		39EE594228D53356001A0C56 /* ProductsChallengeJuanFanjul */ = {
			isa = PBXNativeTarget;
			buildConfigurationList = 39EE597028D53359001A0C56 /* Build configuration list for PBXNativeTarget "ProductsChallengeJuanFanjul" */;
			buildPhases = (
				39EE593F28D53356001A0C56 /* Sources */,
				39EE594028D53356001A0C56 /* Frameworks */,
				39EE594128D53356001A0C56 /* Resources */,
			);
			buildRules = (
			);
			dependencies = (
			);
			name = ProductsChallengeJuanFanjul;
			productName = ProductsChallengeJuanFanjul;
			productReference = 39EE594328D53356001A0C56 /* ProductsChallengeJuanFanjul.app */;
			productType = "com.apple.product-type.application";
		};
		39EE595B28D53359001A0C56 /* ProductsChallengeJuanFanjulTests */ = {
			isa = PBXNativeTarget;
			buildConfigurationList = 39EE597328D53359001A0C56 /* Build configuration list for PBXNativeTarget "ProductsChallengeJuanFanjulTests" */;
			buildPhases = (
				39EE595828D53359001A0C56 /* Sources */,
				39EE595928D53359001A0C56 /* Frameworks */,
				39EE595A28D53359001A0C56 /* Resources */,
			);
			buildRules = (
			);
			dependencies = (
				39EE595E28D53359001A0C56 /* PBXTargetDependency */,
			);
			name = ProductsChallengeJuanFanjulTests;
			productName = ProductsChallengeJuanFanjulTests;
			productReference = 39EE595C28D53359001A0C56 /* ProductsChallengeJuanFanjulTests.xctest */;
			productType = "com.apple.product-type.bundle.unit-test";
		};
		39EE596528D53359001A0C56 /* ProductsChallengeJuanFanjulUITests */ = {
			isa = PBXNativeTarget;
			buildConfigurationList = 39EE597628D53359001A0C56 /* Build configuration list for PBXNativeTarget "ProductsChallengeJuanFanjulUITests" */;
			buildPhases = (
				39EE596228D53359001A0C56 /* Sources */,
				39EE596328D53359001A0C56 /* Frameworks */,
				39EE596428D53359001A0C56 /* Resources */,
			);
			buildRules = (
			);
			dependencies = (
				39EE596828D53359001A0C56 /* PBXTargetDependency */,
			);
			name = ProductsChallengeJuanFanjulUITests;
			productName = ProductsChallengeJuanFanjulUITests;
			productReference = 39EE596628D53359001A0C56 /* ProductsChallengeJuanFanjulUITests.xctest */;
			productType = "com.apple.product-type.bundle.ui-testing";
		};
/* End PBXNativeTarget section */

/* Begin PBXProject section */
		39EE593B28D53356001A0C56 /* Project object */ = {
			isa = PBXProject;
			attributes = {
				BuildIndependentTargetsInParallel = 1;
				LastSwiftUpdateCheck = 1340;
				LastUpgradeCheck = 1340;
				TargetAttributes = {
					39EE594228D53356001A0C56 = {
						CreatedOnToolsVersion = 13.4;
					};
					39EE595B28D53359001A0C56 = {
						CreatedOnToolsVersion = 13.4;
						TestTargetID = 39EE594228D53356001A0C56;
					};
					39EE596528D53359001A0C56 = {
						CreatedOnToolsVersion = 13.4;
						TestTargetID = 39EE594228D53356001A0C56;
					};
				};
			};
			buildConfigurationList = 39EE593E28D53356001A0C56 /* Build configuration list for PBXProject "ProductsChallengeJuanFanjul" */;
			compatibilityVersion = "Xcode 13.0";
			developmentRegion = en;
			hasScannedForEncodings = 0;
			knownRegions = (
				en,
				Base,
			);
			mainGroup = 39EE593A28D53356001A0C56;
			productRefGroup = 39EE594428D53356001A0C56 /* Products */;
			projectDirPath = "";
			projectRoot = "";
			targets = (
				39EE594228D53356001A0C56 /* ProductsChallengeJuanFanjul */,
				39EE595B28D53359001A0C56 /* ProductsChallengeJuanFanjulTests */,
				39EE596528D53359001A0C56 /* ProductsChallengeJuanFanjulUITests */,
			);
		};
/* End PBXProject section */

/* Begin PBXResourcesBuildPhase section */
		39EE594128D53356001A0C56 /* Resources */ = {
			isa = PBXResourcesBuildPhase;
			buildActionMask = 2147483647;
			files = (
				39EE595628D53359001A0C56 /* LaunchScreen.storyboard in Resources */,
				39EE595328D53359001A0C56 /* Assets.xcassets in Resources */,
				39EE594E28D53356001A0C56 /* Main.storyboard in Resources */,
			);
			runOnlyForDeploymentPostprocessing = 0;
		};
		39EE595A28D53359001A0C56 /* Resources */ = {
			isa = PBXResourcesBuildPhase;
			buildActionMask = 2147483647;
			files = (
			);
			runOnlyForDeploymentPostprocessing = 0;
		};
		39EE596428D53359001A0C56 /* Resources */ = {
			isa = PBXResourcesBuildPhase;
			buildActionMask = 2147483647;
			files = (
			);
			runOnlyForDeploymentPostprocessing = 0;
		};
/* End PBXResourcesBuildPhase section */

/* Begin PBXSourcesBuildPhase section */
		39EE593F28D53356001A0C56 /* Sources */ = {
			isa = PBXSourcesBuildPhase;
			buildActionMask = 2147483647;
			files = (
				39EE594B28D53356001A0C56 /* ViewController.swift in Sources */,
				39EE595128D53356001A0C56 /* ProductsChallengeJuanFanjul.xcdatamodeld in Sources */,
				39EE594728D53356001A0C56 /* AppDelegate.swift in Sources */,
				39EE594928D53356001A0C56 /* SceneDelegate.swift in Sources */,
			);
			runOnlyForDeploymentPostprocessing = 0;
		};
		39EE595828D53359001A0C56 /* Sources */ = {
			isa = PBXSourcesBuildPhase;
			buildActionMask = 2147483647;
			files = (
				39EE596128D53359001A0C56 /* ProductsChallengeJuanFanjulTests.swift in Sources */,
			);
			runOnlyForDeploymentPostprocessing = 0;
		};
		39EE596228D53359001A0C56 /* Sources */ = {
			isa = PBXSourcesBuildPhase;
			buildActionMask = 2147483647;
			files = (
				39EE596D28D53359001A0C56 /* ProductsChallengeJuanFanjulUITestsLaunchTests.swift in Sources */,
				39EE596B28D53359001A0C56 /* ProductsChallengeJuanFanjulUITests.swift in Sources */,
			);
			runOnlyForDeploymentPostprocessing = 0;
		};
/* End PBXSourcesBuildPhase section */

/* Begin PBXTargetDependency section */
		39EE595E28D53359001A0C56 /* PBXTargetDependency */ = {
			isa = PBXTargetDependency;
			target = 39EE594228D53356001A0C56 /* ProductsChallengeJuanFanjul */;
			targetProxy = 39EE595D28D53359001A0C56 /* PBXContainerItemProxy */;
		};
		39EE596828D53359001A0C56 /* PBXTargetDependency */ = {
			isa = PBXTargetDependency;
			target = 39EE594228D53356001A0C56 /* ProductsChallengeJuanFanjul */;
			targetProxy = 39EE596728D53359001A0C56 /* PBXContainerItemProxy */;
		};
/* End PBXTargetDependency section */

/* Begin PBXVariantGroup section */
		39EE594C28D53356001A0C56 /* Main.storyboard */ = {
			isa = PBXVariantGroup;
			children = (
				39EE594D28D53356001A0C56 /* Base */,
			);
			name = Main.storyboard;
			sourceTree = "<group>";
		};
		39EE595428D53359001A0C56 /* LaunchScreen.storyboard */ = {
			isa = PBXVariantGroup;
			children = (
				39EE595528D53359001A0C56 /* Base */,
			);
			name = LaunchScreen.storyboard;
			sourceTree = "<group>";
		};
/* End PBXVariantGroup section */

/* Begin XCBuildConfiguration section */
		39EE596E28D53359001A0C56 /* Debug */ = {
			isa = XCBuildConfiguration;
			buildSettings = {
				ALWAYS_SEARCH_USER_PATHS = NO;
				CLANG_ANALYZER_NONNULL = YES;
				CLANG_ANALYZER_NUMBER_OBJECT_CONVERSION = YES_AGGRESSIVE;
				CLANG_CXX_LANGUAGE_STANDARD = "gnu++17";
				CLANG_ENABLE_MODULES = YES;
				CLANG_ENABLE_OBJC_ARC = YES;
				CLANG_ENABLE_OBJC_WEAK = YES;
				CLANG_WARN_BLOCK_CAPTURE_AUTORELEASING = YES;
				CLANG_WARN_BOOL_CONVERSION = YES;
				CLANG_WARN_COMMA = YES;
				CLANG_WARN_CONSTANT_CONVERSION = YES;
				CLANG_WARN_DEPRECATED_OBJC_IMPLEMENTATIONS = YES;
				CLANG_WARN_DIRECT_OBJC_ISA_USAGE = YES_ERROR;
				CLANG_WARN_DOCUMENTATION_COMMENTS = YES;
				CLANG_WARN_EMPTY_BODY = YES;
				CLANG_WARN_ENUM_CONVERSION = YES;
				CLANG_WARN_INFINITE_RECURSION = YES;
				CLANG_WARN_INT_CONVERSION = YES;
				CLANG_WARN_NON_LITERAL_NULL_CONVERSION = YES;
				CLANG_WARN_OBJC_IMPLICIT_RETAIN_SELF = YES;
				CLANG_WARN_OBJC_LITERAL_CONVERSION = YES;
				CLANG_WARN_OBJC_ROOT_CLASS = YES_ERROR;
				CLANG_WARN_QUOTED_INCLUDE_IN_FRAMEWORK_HEADER = YES;
				CLANG_WARN_RANGE_LOOP_ANALYSIS = YES;
				CLANG_WARN_STRICT_PROTOTYPES = YES;
				CLANG_WARN_SUSPICIOUS_MOVE = YES;
				CLANG_WARN_UNGUARDED_AVAILABILITY = YES_AGGRESSIVE;
				CLANG_WARN_UNREACHABLE_CODE = YES;
				CLANG_WARN__DUPLICATE_METHOD_MATCH = YES;
				COPY_PHASE_STRIP = NO;
				DEBUG_INFORMATION_FORMAT = dwarf;
				ENABLE_STRICT_OBJC_MSGSEND = YES;
				ENABLE_TESTABILITY = YES;
				GCC_C_LANGUAGE_STANDARD = gnu11;
				GCC_DYNAMIC_NO_PIC = NO;
				GCC_NO_COMMON_BLOCKS = YES;
				GCC_OPTIMIZATION_LEVEL = 0;
				GCC_PREPROCESSOR_DEFINITIONS = (
					"DEBUG=1",
					"$(inherited)",
				);
				GCC_WARN_64_TO_32_BIT_CONVERSION = YES;
				GCC_WARN_ABOUT_RETURN_TYPE = YES_ERROR;
				GCC_WARN_UNDECLARED_SELECTOR = YES;
				GCC_WARN_UNINITIALIZED_AUTOS = YES_AGGRESSIVE;
				GCC_WARN_UNUSED_FUNCTION = YES;
				GCC_WARN_UNUSED_VARIABLE = YES;
				IPHONEOS_DEPLOYMENT_TARGET = 15.5;
				MTL_ENABLE_DEBUG_INFO = INCLUDE_SOURCE;
				MTL_FAST_MATH = YES;
				ONLY_ACTIVE_ARCH = YES;
				SDKROOT = iphoneos;
				SWIFT_ACTIVE_COMPILATION_CONDITIONS = DEBUG;
				SWIFT_OPTIMIZATION_LEVEL = "-Onone";
			};
			name = Debug;
		};
		39EE596F28D53359001A0C56 /* Release */ = {
			isa = XCBuildConfiguration;
			buildSettings = {
				ALWAYS_SEARCH_USER_PATHS = NO;
				CLANG_ANALYZER_NONNULL = YES;
				CLANG_ANALYZER_NUMBER_OBJECT_CONVERSION = YES_AGGRESSIVE;
				CLANG_CXX_LANGUAGE_STANDARD = "gnu++17";
				CLANG_ENABLE_MODULES = YES;
				CLANG_ENABLE_OBJC_ARC = YES;
				CLANG_ENABLE_OBJC_WEAK = YES;
				CLANG_WARN_BLOCK_CAPTURE_AUTORELEASING = YES;
				CLANG_WARN_BOOL_CONVERSION = YES;
				CLANG_WARN_COMMA = YES;
				CLANG_WARN_CONSTANT_CONVERSION = YES;
				CLANG_WARN_DEPRECATED_OBJC_IMPLEMENTATIONS = YES;
				CLANG_WARN_DIRECT_OBJC_ISA_USAGE = YES_ERROR;
				CLANG_WARN_DOCUMENTATION_COMMENTS = YES;
				CLANG_WARN_EMPTY_BODY = YES;
				CLANG_WARN_ENUM_CONVERSION = YES;
				CLANG_WARN_INFINITE_RECURSION = YES;
				CLANG_WARN_INT_CONVERSION = YES;
				CLANG_WARN_NON_LITERAL_NULL_CONVERSION = YES;
				CLANG_WARN_OBJC_IMPLICIT_RETAIN_SELF = YES;
				CLANG_WARN_OBJC_LITERAL_CONVERSION = YES;
				CLANG_WARN_OBJC_ROOT_CLASS = YES_ERROR;
				CLANG_WARN_QUOTED_INCLUDE_IN_FRAMEWORK_HEADER = YES;
				CLANG_WARN_RANGE_LOOP_ANALYSIS = YES;
				CLANG_WARN_STRICT_PROTOTYPES = YES;
				CLANG_WARN_SUSPICIOUS_MOVE = YES;
				CLANG_WARN_UNGUARDED_AVAILABILITY = YES_AGGRESSIVE;
				CLANG_WARN_UNREACHABLE_CODE = YES;
				CLANG_WARN__DUPLICATE_METHOD_MATCH = YES;
				COPY_PHASE_STRIP = NO;
				DEBUG_INFORMATION_FORMAT = "dwarf-with-dsym";
				ENABLE_NS_ASSERTIONS = NO;
				ENABLE_STRICT_OBJC_MSGSEND = YES;
				GCC_C_LANGUAGE_STANDARD = gnu11;
				GCC_NO_COMMON_BLOCKS = YES;
				GCC_WARN_64_TO_32_BIT_CONVERSION = YES;
				GCC_WARN_ABOUT_RETURN_TYPE = YES_ERROR;
				GCC_WARN_UNDECLARED_SELECTOR = YES;
				GCC_WARN_UNINITIALIZED_AUTOS = YES_AGGRESSIVE;
				GCC_WARN_UNUSED_FUNCTION = YES;
				GCC_WARN_UNUSED_VARIABLE = YES;
				IPHONEOS_DEPLOYMENT_TARGET = 15.5;
				MTL_ENABLE_DEBUG_INFO = NO;
				MTL_FAST_MATH = YES;
				SDKROOT = iphoneos;
				SWIFT_COMPILATION_MODE = wholemodule;
				SWIFT_OPTIMIZATION_LEVEL = "-O";
				VALIDATE_PRODUCT = YES;
			};
			name = Release;
		};
		39EE597128D53359001A0C56 /* Debug */ = {
			isa = XCBuildConfiguration;
			buildSettings = {
				ASSETCATALOG_COMPILER_APPICON_NAME = AppIcon;
				ASSETCATALOG_COMPILER_GLOBAL_ACCENT_COLOR_NAME = AccentColor;
				CODE_SIGN_STYLE = Automatic;
				CURRENT_PROJECT_VERSION = 1;
				GENERATE_INFOPLIST_FILE = YES;
				INFOPLIST_FILE = ProductsChallengeJuanFanjul/Info.plist;
				INFOPLIST_KEY_UIApplicationSupportsIndirectInputEvents = YES;
				INFOPLIST_KEY_UILaunchStoryboardName = LaunchScreen;
				INFOPLIST_KEY_UIMainStoryboardFile = Main;
				INFOPLIST_KEY_UISupportedInterfaceOrientations_iPad = "UIInterfaceOrientationPortrait UIInterfaceOrientationPortraitUpsideDown UIInterfaceOrientationLandscapeLeft UIInterfaceOrientationLandscapeRight";
				INFOPLIST_KEY_UISupportedInterfaceOrientations_iPhone = "UIInterfaceOrientationPortrait UIInterfaceOrientationLandscapeLeft UIInterfaceOrientationLandscapeRight";
				LD_RUNPATH_SEARCH_PATHS = (
					"$(inherited)",
					"@executable_path/Frameworks",
				);
				MARKETING_VERSION = 1.0;
				PRODUCT_BUNDLE_IDENTIFIER = juanfanjulb.ProductsChallengeJuanFanjul;
				PRODUCT_NAME = "$(TARGET_NAME)";
				SWIFT_EMIT_LOC_STRINGS = YES;
				SWIFT_VERSION = 5.0;
				TARGETED_DEVICE_FAMILY = "1,2";
			};
			name = Debug;
		};
		39EE597228D53359001A0C56 /* Release */ = {
			isa = XCBuildConfiguration;
			buildSettings = {
				ASSETCATALOG_COMPILER_APPICON_NAME = AppIcon;
				ASSETCATALOG_COMPILER_GLOBAL_ACCENT_COLOR_NAME = AccentColor;
				CODE_SIGN_STYLE = Automatic;
				CURRENT_PROJECT_VERSION = 1;
				GENERATE_INFOPLIST_FILE = YES;
				INFOPLIST_FILE = ProductsChallengeJuanFanjul/Info.plist;
				INFOPLIST_KEY_UIApplicationSupportsIndirectInputEvents = YES;
				INFOPLIST_KEY_UILaunchStoryboardName = LaunchScreen;
				INFOPLIST_KEY_UIMainStoryboardFile = Main;
				INFOPLIST_KEY_UISupportedInterfaceOrientations_iPad = "UIInterfaceOrientationPortrait UIInterfaceOrientationPortraitUpsideDown UIInterfaceOrientationLandscapeLeft UIInterfaceOrientationLandscapeRight";
				INFOPLIST_KEY_UISupportedInterfaceOrientations_iPhone = "UIInterfaceOrientationPortrait UIInterfaceOrientationLandscapeLeft UIInterfaceOrientationLandscapeRight";
				LD_RUNPATH_SEARCH_PATHS = (
					"$(inherited)",
					"@executable_path/Frameworks",
				);
				MARKETING_VERSION = 1.0;
				PRODUCT_BUNDLE_IDENTIFIER = juanfanjulb.ProductsChallengeJuanFanjul;
				PRODUCT_NAME = "$(TARGET_NAME)";
				SWIFT_EMIT_LOC_STRINGS = YES;
				SWIFT_VERSION = 5.0;
				TARGETED_DEVICE_FAMILY = "1,2";
			};
			name = Release;
		};
		39EE597428D53359001A0C56 /* Debug */ = {
			isa = XCBuildConfiguration;
			buildSettings = {
				ALWAYS_EMBED_SWIFT_STANDARD_LIBRARIES = YES;
				BUNDLE_LOADER = "$(TEST_HOST)";
				CODE_SIGN_STYLE = Automatic;
				CURRENT_PROJECT_VERSION = 1;
				GENERATE_INFOPLIST_FILE = YES;
				IPHONEOS_DEPLOYMENT_TARGET = 15.5;
				MARKETING_VERSION = 1.0;
				PRODUCT_BUNDLE_IDENTIFIER = juanfanjulb.ProductsChallengeJuanFanjulTests;
				PRODUCT_NAME = "$(TARGET_NAME)";
				SWIFT_EMIT_LOC_STRINGS = NO;
				SWIFT_VERSION = 5.0;
				TARGETED_DEVICE_FAMILY = "1,2";
				TEST_HOST = "$(BUILT_PRODUCTS_DIR)/ProductsChallengeJuanFanjul.app/ProductsChallengeJuanFanjul";
			};
			name = Debug;
		};
		39EE597528D53359001A0C56 /* Release */ = {
			isa = XCBuildConfiguration;
			buildSettings = {
				ALWAYS_EMBED_SWIFT_STANDARD_LIBRARIES = YES;
				BUNDLE_LOADER = "$(TEST_HOST)";
				CODE_SIGN_STYLE = Automatic;
				CURRENT_PROJECT_VERSION = 1;
				GENERATE_INFOPLIST_FILE = YES;
				IPHONEOS_DEPLOYMENT_TARGET = 15.5;
				MARKETING_VERSION = 1.0;
				PRODUCT_BUNDLE_IDENTIFIER = juanfanjulb.ProductsChallengeJuanFanjulTests;
				PRODUCT_NAME = "$(TARGET_NAME)";
				SWIFT_EMIT_LOC_STRINGS = NO;
				SWIFT_VERSION = 5.0;
				TARGETED_DEVICE_FAMILY = "1,2";
				TEST_HOST = "$(BUILT_PRODUCTS_DIR)/ProductsChallengeJuanFanjul.app/ProductsChallengeJuanFanjul";
			};
			name = Release;
		};
		39EE597728D53359001A0C56 /* Debug */ = {
			isa = XCBuildConfiguration;
			buildSettings = {
				ALWAYS_EMBED_SWIFT_STANDARD_LIBRARIES = YES;
				CODE_SIGN_STYLE = Automatic;
				CURRENT_PROJECT_VERSION = 1;
				GENERATE_INFOPLIST_FILE = YES;
				MARKETING_VERSION = 1.0;
				PRODUCT_BUNDLE_IDENTIFIER = juanfanjulb.ProductsChallengeJuanFanjulUITests;
				PRODUCT_NAME = "$(TARGET_NAME)";
				SWIFT_EMIT_LOC_STRINGS = NO;
				SWIFT_VERSION = 5.0;
				TARGETED_DEVICE_FAMILY = "1,2";
				TEST_TARGET_NAME = ProductsChallengeJuanFanjul;
			};
			name = Debug;
		};
		39EE597828D53359001A0C56 /* Release */ = {
			isa = XCBuildConfiguration;
			buildSettings = {
				ALWAYS_EMBED_SWIFT_STANDARD_LIBRARIES = YES;
				CODE_SIGN_STYLE = Automatic;
				CURRENT_PROJECT_VERSION = 1;
				GENERATE_INFOPLIST_FILE = YES;
				MARKETING_VERSION = 1.0;
				PRODUCT_BUNDLE_IDENTIFIER = juanfanjulb.ProductsChallengeJuanFanjulUITests;
				PRODUCT_NAME = "$(TARGET_NAME)";
				SWIFT_EMIT_LOC_STRINGS = NO;
				SWIFT_VERSION = 5.0;
				TARGETED_DEVICE_FAMILY = "1,2";
				TEST_TARGET_NAME = ProductsChallengeJuanFanjul;
			};
			name = Release;
		};
/* End XCBuildConfiguration section */

/* Begin XCConfigurationList section */
		39EE593E28D53356001A0C56 /* Build configuration list for PBXProject "ProductsChallengeJuanFanjul" */ = {
			isa = XCConfigurationList;
			buildConfigurations = (
				39EE596E28D53359001A0C56 /* Debug */,
				39EE596F28D53359001A0C56 /* Release */,
			);
			defaultConfigurationIsVisible = 0;
			defaultConfigurationName = Release;
		};
		39EE597028D53359001A0C56 /* Build configuration list for PBXNativeTarget "ProductsChallengeJuanFanjul" */ = {
			isa = XCConfigurationList;
			buildConfigurations = (
				39EE597128D53359001A0C56 /* Debug */,
				39EE597228D53359001A0C56 /* Release */,
			);
			defaultConfigurationIsVisible = 0;
			defaultConfigurationName = Release;
		};
		39EE597328D53359001A0C56 /* Build configuration list for PBXNativeTarget "ProductsChallengeJuanFanjulTests" */ = {
			isa = XCConfigurationList;
			buildConfigurations = (
				39EE597428D53359001A0C56 /* Debug */,
				39EE597528D53359001A0C56 /* Release */,
			);
			defaultConfigurationIsVisible = 0;
			defaultConfigurationName = Release;
		};
		39EE597628D53359001A0C56 /* Build configuration list for PBXNativeTarget "ProductsChallengeJuanFanjulUITests" */ = {
			isa = XCConfigurationList;
			buildConfigurations = (
				39EE597728D53359001A0C56 /* Debug */,
				39EE597828D53359001A0C56 /* Release */,
			);
			defaultConfigurationIsVisible = 0;
			defaultConfigurationName = Release;
		};
/* End XCConfigurationList section */

/* Begin XCVersionGroup section */
		39EE594F28D53356001A0C56 /* ProductsChallengeJuanFanjul.xcdatamodeld */ = {
			isa = XCVersionGroup;
			children = (
				39EE595028D53356001A0C56 /* ProductsChallengeJuanFanjul.xcdatamodel */,
			);
			currentVersion = 39EE595028D53356001A0C56 /* ProductsChallengeJuanFanjul.xcdatamodel */;
			path = ProductsChallengeJuanFanjul.xcdatamodeld;
			sourceTree = "<group>";
			versionGroupType = wrapper.xcdatamodel;
		};
/* End XCVersionGroup section */
	};
	rootObject = 39EE593B28D53356001A0C56 /* Project object */;
}
